
Microsoft Visual Studio Solution File, Format Version 12.00
# Visual Studio Version 17
VisualStudioVersion = 17.10.35013.160
MinimumVisualStudioVersion = 10.0.40219.1
Project("{FAE04EC0-301F-11D3-BF4B-00C04F79EFBC}") = "ProyectoDocker", "ProyectoDocker\ProyectoDocker.csproj", "{FBB21DD5-615D-4195-8D1E-7765B1275F1C}"
EndProject
Global
	GlobalSection(SolutionConfigurationPlatforms) = preSolution
		Debug|Any CPU = Debug|Any CPU
		Release|Any CPU = Release|Any CPU
	EndGlobalSection
	GlobalSection(ProjectConfigurationPlatforms) = postSolution
		{FBB21DD5-615D-4195-8D1E-7765B1275F1C}.Debug|Any CPU.ActiveCfg = Debug|Any CPU
		{FBB21DD5-615D-4195-8D1E-7765B1275F1C}.Debug|Any CPU.Build.0 = Debug|Any CPU
		{FBB21DD5-615D-4195-8D1E-7765B1275F1C}.Release|Any CPU.ActiveCfg = Release|Any CPU
		{FBB21DD5-615D-4195-8D1E-7765B1275F1C}.Release|Any CPU.Build.0 = Release|Any CPU
	EndGlobalSection
	GlobalSection(SolutionProperties) = preSolution
		HideSolutionNode = FALSE
	EndGlobalSection
	GlobalSection(ExtensibilityGlobals) = postSolution
		SolutionGuid = {E0B1FCC0-0773-438F-8DD1-5E2C9AD5A8AC}
	EndGlobalSection
EndGlobal
